
Microsoft Visual Studio Solution File, Format Version 12.00
# Visual Studio Version 17
VisualStudioVersion = 17.10.34916.146
MinimumVisualStudioVersion = 10.0.40219.1
Project("{9A19103F-16F7-4668-BE54-9A1E7A4F7556}") = "API", "API\API.csproj", "{71507209-7617-49C8-A586-5F227BF465B0}"
EndProject
Project("{9A19103F-16F7-4668-BE54-9A1E7A4F7556}") = "Domain", "Domain\Domain.csproj", "{06390989-F3D3-4D85-92F1-D80761D848E9}"
EndProject
Project("{9A19103F-16F7-4668-BE54-9A1E7A4F7556}") = "Application", "Application\Application.csproj", "{1DEFF783-CDF5-4526-98EE-496A3FBE5422}"
EndProject
Project("{FAE04EC0-301F-11D3-BF4B-00C04F79EFBC}") = "Infrastructure", "Infrastructure\Infrastructure.csproj", "{19584CE5-82EA-B7C0-2C68-DC7A306CC0C9}"
EndProject
Global
	GlobalSection(SolutionConfigurationPlatforms) = preSolution
		Debug|Any CPU = Debug|Any CPU
		Release|Any CPU = Release|Any CPU
	EndGlobalSection
	GlobalSection(ProjectConfigurationPlatforms) = postSolution
		{71507209-7617-49C8-A586-5F227BF465B0}.Debug|Any CPU.ActiveCfg = Debug|Any CPU
		{71507209-7617-49C8-A586-5F227BF465B0}.Debug|Any CPU.Build.0 = Debug|Any CPU
		{71507209-7617-49C8-A586-5F227BF465B0}.Release|Any CPU.ActiveCfg = Release|Any CPU
		{71507209-7617-49C8-A586-5F227BF465B0}.Release|Any CPU.Build.0 = Release|Any CPU
		{06390989-F3D3-4D85-92F1-D80761D848E9}.Debug|Any CPU.ActiveCfg = Debug|Any CPU
		{06390989-F3D3-4D85-92F1-D80761D848E9}.Debug|Any CPU.Build.0 = Debug|Any CPU
		{06390989-F3D3-4D85-92F1-D80761D848E9}.Release|Any CPU.ActiveCfg = Release|Any CPU
		{06390989-F3D3-4D85-92F1-D80761D848E9}.Release|Any CPU.Build.0 = Release|Any CPU
		{1DEFF783-CDF5-4526-98EE-496A3FBE5422}.Debug|Any CPU.ActiveCfg = Debug|Any CPU
		{1DEFF783-CDF5-4526-98EE-496A3FBE5422}.Debug|Any CPU.Build.0 = Debug|Any CPU
		{1DEFF783-CDF5-4526-98EE-496A3FBE5422}.Release|Any CPU.ActiveCfg = Release|Any CPU
		{1DEFF783-CDF5-4526-98EE-496A3FBE5422}.Release|Any CPU.Build.0 = Release|Any CPU
		{19584CE5-82EA-B7C0-2C68-DC7A306CC0C9}.Debug|Any CPU.ActiveCfg = Debug|Any CPU
		{19584CE5-82EA-B7C0-2C68-DC7A306CC0C9}.Debug|Any CPU.Build.0 = Debug|Any CPU
		{19584CE5-82EA-B7C0-2C68-DC7A306CC0C9}.Release|Any CPU.ActiveCfg = Release|Any CPU
		{19584CE5-82EA-B7C0-2C68-DC7A306CC0C9}.Release|Any CPU.Build.0 = Release|Any CPU
	EndGlobalSection
	GlobalSection(SolutionProperties) = preSolution
		HideSolutionNode = FALSE
	EndGlobalSection
	GlobalSection(ExtensibilityGlobals) = postSolution
		SolutionGuid = {8B88A24A-6AA7-429A-B032-D6FC7657E57A}
	EndGlobalSection
EndGlobal
